
Microsoft Visual Studio Solution File, Format Version 12.00
# Visual Studio Version 16
VisualStudioVersion = 16.0.30717.126
MinimumVisualStudioVersion = 10.0.40219.1
Project("{8BC9CEB8-8B4A-11D0-8D11-00A0C91BC942}") = "Fractal", "Fractal.vcxproj", "{BEB23C7F-1350-4A79-879E-58064592B835}"
EndProject
Global
	GlobalSection(SolutionConfigurationPlatforms) = preSolution
		Debug|x64 = Debug|x64
		Debug|x86 = Debug|x86
		Release|x64 = Release|x64
		Release|x86 = Release|x86
	EndGlobalSection
	GlobalSection(ProjectConfigurationPlatforms) = postSolution
		{BEB23C7F-1350-4A79-879E-58064592B835}.Debug|x64.ActiveCfg = Debug|x64
		{BEB23C7F-1350-4A79-879E-58064592B835}.Debug|x64.Build.0 = Debug|x64
		{BEB23C7F-1350-4A79-879E-58064592B835}.Debug|x86.ActiveCfg = Debug|Win32
		{BEB23C7F-1350-4A79-879E-58064592B835}.Debug|x86.Build.0 = Debug|Win32
		{BEB23C7F-1350-4A79-879E-58064592B835}.Release|x64.ActiveCfg = Release|x64
		{BEB23C7F-1350-4A79-879E-58064592B835}.Release|x64.Build.0 = Release|x64
		{BEB23C7F-1350-4A79-879E-58064592B835}.Release|x86.ActiveCfg = Release|Win32
		{BEB23C7F-1350-4A79-879E-58064592B835}.Release|x86.Build.0 = Release|Win32
	EndGlobalSection
	GlobalSection(SolutionProperties) = preSolution
		HideSolutionNode = FALSE
	EndGlobalSection
	GlobalSection(ExtensibilityGlobals) = postSolution
		SolutionGuid = {ABEA7D31-6814-4187-92CA-E8B68A615032}
	EndGlobalSection
EndGlobal
